
Microsoft Visual Studio Solution File, Format Version 12.00
# Visual Studio Version 17
VisualStudioVersion = 17.2.32630.192
MinimumVisualStudioVersion = 10.0.40219.1
Project("{FAE04EC0-301F-11D3-BF4B-00C04F79EFBC}") = "TCPConsole", "TCPConsole.csproj", "{E1CD20AB-33B3-4099-9CA0-DD548192B626}"
EndProject
Global
	GlobalSection(SolutionConfigurationPlatforms) = preSolution
		Debug|Any CPU = Debug|Any CPU
		Release|Any CPU = Release|Any CPU
	EndGlobalSection
	GlobalSection(ProjectConfigurationPlatforms) = postSolution
		{E1CD20AB-33B3-4099-9CA0-DD548192B626}.Debug|Any CPU.ActiveCfg = Debug|Any CPU
		{E1CD20AB-33B3-4099-9CA0-DD548192B626}.Debug|Any CPU.Build.0 = Debug|Any CPU
		{E1CD20AB-33B3-4099-9CA0-DD548192B626}.Release|Any CPU.ActiveCfg = Release|Any CPU
		{E1CD20AB-33B3-4099-9CA0-DD548192B626}.Release|Any CPU.Build.0 = Release|Any CPU
	EndGlobalSection
	GlobalSection(SolutionProperties) = preSolution
		HideSolutionNode = FALSE
	EndGlobalSection
	GlobalSection(ExtensibilityGlobals) = postSolution
		SolutionGuid = {7BB3FF36-2F4C-427B-99E3-1B08BCAB1206}
	EndGlobalSection
EndGlobal
